
Microsoft Visual Studio Solution File, Format Version 12.00
# Visual Studio 14
VisualStudioVersion = 14.0.25420.1
MinimumVisualStudioVersion = 10.0.40219.1
Project("{2150E333-8FDC-42A3-9474-1A3956D46DE8}") = "Exercises01", "Exercises01", "{892B04C5-6258-44F1-8A00-03CD2E21DC83}"
EndProject
Project("{FAE04EC0-301F-11D3-BF4B-00C04F79EFBC}") = "ValidationEngine", "ValidationEngine\ValidationEngine.csproj", "{4A6A4CD0-2A52-4D93-ADA6-1AB13C7F3147}"
EndProject
Project("{FAE04EC0-301F-11D3-BF4B-00C04F79EFBC}") = "ValidationEngineTests", "ValidationEngineTests\ValidationEngineTests.csproj", "{B99F8634-700E-415D-B082-835B5BF22B46}"
EndProject
Project("{2150E333-8FDC-42A3-9474-1A3956D46DE8}") = "Exercises02", "Exercises02", "{8BA1DB1D-6219-47EC-856E-4C777E1A78B6}"
EndProject
Project("{FAE04EC0-301F-11D3-BF4B-00C04F79EFBC}") = "TravelAgency", "TravelAgency\TravelAgency.csproj", "{9A9538DC-997D-421C-83AC-7404F9B26396}"
EndProject
Project("{FAE04EC0-301F-11D3-BF4B-00C04F79EFBC}") = "TravelAgencyTests", "TravelAgencyTests\TravelAgencyTests.csproj", "{EE0472DE-0335-4987-AF50-CAD7E67993EB}"
EndProject
Project("{2150E333-8FDC-42A3-9474-1A3956D46DE8}") = "Exercises03", "Exercises03", "{E175E245-99E0-4DC2-BE8B-EF1A344F3B8B}"
EndProject
Project("{FAE04EC0-301F-11D3-BF4B-00C04F79EFBC}") = "Calculator", "Calculator\Calculator.csproj", "{06AC8C97-C190-40D2-A6E6-8CCA8744CC29}"
EndProject
Project("{FAE04EC0-301F-11D3-BF4B-00C04F79EFBC}") = "CalculatorTest", "CalculatorTest\CalculatorTest.csproj", "{F35E6840-B024-4A00-BBD7-919964A89D5D}"
EndProject
Project("{2150E333-8FDC-42A3-9474-1A3956D46DE8}") = "Exercises04", "Exercises04", "{EB3AE6FC-492E-4BAF-A873-78A7828F7801}"
EndProject
Project("{FAE04EC0-301F-11D3-BF4B-00C04F79EFBC}") = "TravelAgencys", "TravelAgencys\TravelAgencys.csproj", "{BC707B2F-0333-4084-BB47-AFC63252A11F}"
EndProject
Project("{FAE04EC0-301F-11D3-BF4B-00C04F79EFBC}") = "TravelAgencysTests", "TravelAgencysTests\TravelAgencysTests.csproj", "{EDB57B38-AF87-4B3E-8C7A-A10660088AF6}"
EndProject
Project("{2150E333-8FDC-42A3-9474-1A3956D46DE8}") = "Extra_Exercise3", "Extra_Exercise3", "{A48B9E32-5946-4DC9-9777-57143745993F}"
EndProject
Project("{FAE04EC0-301F-11D3-BF4B-00C04F79EFBC}") = "Extra_Exercise_3", "Extra_Exercise_3\Extra_Exercise_3.csproj", "{BCC359F8-C6BB-46B3-BA8F-53EAEE9F24EF}"
EndProject
Project("{FAE04EC0-301F-11D3-BF4B-00C04F79EFBC}") = "Extra_Exercise_3Test", "Extra_Exercise_3Test\Extra_Exercise_3Test.csproj", "{708E3BC0-04F8-4F45-B677-D9B3A0FC532E}"
EndProject
Project("{2150E333-8FDC-42A3-9474-1A3956D46DE8}") = "VideoStoreProject", "VideoStoreProject", "{0C7370D8-45A0-40CF-BAC0-6C568CDAE8A3}"
EndProject
Project("{FAE04EC0-301F-11D3-BF4B-00C04F79EFBC}") = "VideoStoreProjectTest", "VideoStoreProjectTest\VideoStoreProjectTest.csproj", "{4313F43C-890E-4D18-B9B8-9362B82EE812}"
EndProject
Project("{FAE04EC0-301F-11D3-BF4B-00C04F79EFBC}") = "VideoStoreProject", "VideoStoreProject\VideoStoreProject.csproj", "{0A2BC9C9-8BE0-42D4-8345-BC839E9AE19C}"
EndProject
Project("{FAE04EC0-301F-11D3-BF4B-00C04F79EFBC}") = "VideoStoreUI", "VideoStoreUI\VideoStoreUI.csproj", "{4E46FD95-0502-4C56-8C90-5467DE570A56}"
EndProject
Global
	GlobalSection(SolutionConfigurationPlatforms) = preSolution
		Debug|Any CPU = Debug|Any CPU
		Release|Any CPU = Release|Any CPU
	EndGlobalSection
	GlobalSection(ProjectConfigurationPlatforms) = postSolution
		{4A6A4CD0-2A52-4D93-ADA6-1AB13C7F3147}.Debug|Any CPU.ActiveCfg = Debug|Any CPU
		{4A6A4CD0-2A52-4D93-ADA6-1AB13C7F3147}.Debug|Any CPU.Build.0 = Debug|Any CPU
		{4A6A4CD0-2A52-4D93-ADA6-1AB13C7F3147}.Release|Any CPU.ActiveCfg = Release|Any CPU
		{4A6A4CD0-2A52-4D93-ADA6-1AB13C7F3147}.Release|Any CPU.Build.0 = Release|Any CPU
		{B99F8634-700E-415D-B082-835B5BF22B46}.Debug|Any CPU.ActiveCfg = Debug|Any CPU
		{B99F8634-700E-415D-B082-835B5BF22B46}.Debug|Any CPU.Build.0 = Debug|Any CPU
		{B99F8634-700E-415D-B082-835B5BF22B46}.Release|Any CPU.ActiveCfg = Release|Any CPU
		{B99F8634-700E-415D-B082-835B5BF22B46}.Release|Any CPU.Build.0 = Release|Any CPU
		{9A9538DC-997D-421C-83AC-7404F9B26396}.Debug|Any CPU.ActiveCfg = Debug|Any CPU
		{9A9538DC-997D-421C-83AC-7404F9B26396}.Debug|Any CPU.Build.0 = Debug|Any CPU
		{9A9538DC-997D-421C-83AC-7404F9B26396}.Release|Any CPU.ActiveCfg = Release|Any CPU
		{9A9538DC-997D-421C-83AC-7404F9B26396}.Release|Any CPU.Build.0 = Release|Any CPU
		{EE0472DE-0335-4987-AF50-CAD7E67993EB}.Debug|Any CPU.ActiveCfg = Debug|Any CPU
		{EE0472DE-0335-4987-AF50-CAD7E67993EB}.Debug|Any CPU.Build.0 = Debug|Any CPU
		{EE0472DE-0335-4987-AF50-CAD7E67993EB}.Release|Any CPU.ActiveCfg = Release|Any CPU
		{EE0472DE-0335-4987-AF50-CAD7E67993EB}.Release|Any CPU.Build.0 = Release|Any CPU
		{06AC8C97-C190-40D2-A6E6-8CCA8744CC29}.Debug|Any CPU.ActiveCfg = Debug|Any CPU
		{06AC8C97-C190-40D2-A6E6-8CCA8744CC29}.Debug|Any CPU.Build.0 = Debug|Any CPU
		{06AC8C97-C190-40D2-A6E6-8CCA8744CC29}.Release|Any CPU.ActiveCfg = Release|Any CPU
		{06AC8C97-C190-40D2-A6E6-8CCA8744CC29}.Release|Any CPU.Build.0 = Release|Any CPU
		{F35E6840-B024-4A00-BBD7-919964A89D5D}.Debug|Any CPU.ActiveCfg = Debug|Any CPU
		{F35E6840-B024-4A00-BBD7-919964A89D5D}.Debug|Any CPU.Build.0 = Debug|Any CPU
		{F35E6840-B024-4A00-BBD7-919964A89D5D}.Release|Any CPU.ActiveCfg = Release|Any CPU
		{F35E6840-B024-4A00-BBD7-919964A89D5D}.Release|Any CPU.Build.0 = Release|Any CPU
		{BC707B2F-0333-4084-BB47-AFC63252A11F}.Debug|Any CPU.ActiveCfg = Debug|Any CPU
		{BC707B2F-0333-4084-BB47-AFC63252A11F}.Debug|Any CPU.Build.0 = Debug|Any CPU
		{BC707B2F-0333-4084-BB47-AFC63252A11F}.Release|Any CPU.ActiveCfg = Release|Any CPU
		{BC707B2F-0333-4084-BB47-AFC63252A11F}.Release|Any CPU.Build.0 = Release|Any CPU
		{EDB57B38-AF87-4B3E-8C7A-A10660088AF6}.Debug|Any CPU.ActiveCfg = Debug|Any CPU
		{EDB57B38-AF87-4B3E-8C7A-A10660088AF6}.Debug|Any CPU.Build.0 = Debug|Any CPU
		{EDB57B38-AF87-4B3E-8C7A-A10660088AF6}.Release|Any CPU.ActiveCfg = Release|Any CPU
		{EDB57B38-AF87-4B3E-8C7A-A10660088AF6}.Release|Any CPU.Build.0 = Release|Any CPU
		{BCC359F8-C6BB-46B3-BA8F-53EAEE9F24EF}.Debug|Any CPU.ActiveCfg = Debug|Any CPU
		{BCC359F8-C6BB-46B3-BA8F-53EAEE9F24EF}.Debug|Any CPU.Build.0 = Debug|Any CPU
		{BCC359F8-C6BB-46B3-BA8F-53EAEE9F24EF}.Release|Any CPU.ActiveCfg = Release|Any CPU
		{BCC359F8-C6BB-46B3-BA8F-53EAEE9F24EF}.Release|Any CPU.Build.0 = Release|Any CPU
		{708E3BC0-04F8-4F45-B677-D9B3A0FC532E}.Debug|Any CPU.ActiveCfg = Debug|Any CPU
		{708E3BC0-04F8-4F45-B677-D9B3A0FC532E}.Debug|Any CPU.Build.0 = Debug|Any CPU
		{708E3BC0-04F8-4F45-B677-D9B3A0FC532E}.Release|Any CPU.ActiveCfg = Release|Any CPU
		{708E3BC0-04F8-4F45-B677-D9B3A0FC532E}.Release|Any CPU.Build.0 = Release|Any CPU
		{4313F43C-890E-4D18-B9B8-9362B82EE812}.Debug|Any CPU.ActiveCfg = Debug|Any CPU
		{4313F43C-890E-4D18-B9B8-9362B82EE812}.Debug|Any CPU.Build.0 = Debug|Any CPU
		{4313F43C-890E-4D18-B9B8-9362B82EE812}.Release|Any CPU.ActiveCfg = Release|Any CPU
		{4313F43C-890E-4D18-B9B8-9362B82EE812}.Release|Any CPU.Build.0 = Release|Any CPU
		{0A2BC9C9-8BE0-42D4-8345-BC839E9AE19C}.Debug|Any CPU.ActiveCfg = Debug|Any CPU
		{0A2BC9C9-8BE0-42D4-8345-BC839E9AE19C}.Debug|Any CPU.Build.0 = Debug|Any CPU
		{0A2BC9C9-8BE0-42D4-8345-BC839E9AE19C}.Release|Any CPU.ActiveCfg = Release|Any CPU
		{0A2BC9C9-8BE0-42D4-8345-BC839E9AE19C}.Release|Any CPU.Build.0 = Release|Any CPU
		{4E46FD95-0502-4C56-8C90-5467DE570A56}.Debug|Any CPU.ActiveCfg = Debug|Any CPU
		{4E46FD95-0502-4C56-8C90-5467DE570A56}.Debug|Any CPU.Build.0 = Debug|Any CPU
		{4E46FD95-0502-4C56-8C90-5467DE570A56}.Release|Any CPU.ActiveCfg = Release|Any CPU
		{4E46FD95-0502-4C56-8C90-5467DE570A56}.Release|Any CPU.Build.0 = Release|Any CPU
	EndGlobalSection
	GlobalSection(SolutionProperties) = preSolution
		HideSolutionNode = FALSE
	EndGlobalSection
	GlobalSection(NestedProjects) = preSolution
		{4A6A4CD0-2A52-4D93-ADA6-1AB13C7F3147} = {892B04C5-6258-44F1-8A00-03CD2E21DC83}
		{B99F8634-700E-415D-B082-835B5BF22B46} = {892B04C5-6258-44F1-8A00-03CD2E21DC83}
		{9A9538DC-997D-421C-83AC-7404F9B26396} = {8BA1DB1D-6219-47EC-856E-4C777E1A78B6}
		{EE0472DE-0335-4987-AF50-CAD7E67993EB} = {8BA1DB1D-6219-47EC-856E-4C777E1A78B6}
		{06AC8C97-C190-40D2-A6E6-8CCA8744CC29} = {E175E245-99E0-4DC2-BE8B-EF1A344F3B8B}
		{F35E6840-B024-4A00-BBD7-919964A89D5D} = {E175E245-99E0-4DC2-BE8B-EF1A344F3B8B}
		{BC707B2F-0333-4084-BB47-AFC63252A11F} = {EB3AE6FC-492E-4BAF-A873-78A7828F7801}
		{EDB57B38-AF87-4B3E-8C7A-A10660088AF6} = {EB3AE6FC-492E-4BAF-A873-78A7828F7801}
		{BCC359F8-C6BB-46B3-BA8F-53EAEE9F24EF} = {A48B9E32-5946-4DC9-9777-57143745993F}
		{708E3BC0-04F8-4F45-B677-D9B3A0FC532E} = {A48B9E32-5946-4DC9-9777-57143745993F}
		{4313F43C-890E-4D18-B9B8-9362B82EE812} = {0C7370D8-45A0-40CF-BAC0-6C568CDAE8A3}
		{0A2BC9C9-8BE0-42D4-8345-BC839E9AE19C} = {0C7370D8-45A0-40CF-BAC0-6C568CDAE8A3}
		{4E46FD95-0502-4C56-8C90-5467DE570A56} = {0C7370D8-45A0-40CF-BAC0-6C568CDAE8A3}
	EndGlobalSection
EndGlobal
