
Microsoft Visual Studio Solution File, Format Version 12.00
# Visual Studio 14
VisualStudioVersion = 14.0.25420.1
MinimumVisualStudioVersion = 10.0.40219.1
Project("{2150E333-8FDC-42A3-9474-1A3956D46DE8}") = "Exercises01", "Exercises01", "{892B04C5-6258-44F1-8A00-03CD2E21DC83}"
EndProject
Project("{FAE04EC0-301F-11D3-BF4B-00C04F79EFBC}") = "ValidationEngine", "ValidationEngine\ValidationEngine.csproj", "{4A6A4CD0-2A52-4D93-ADA6-1AB13C7F3147}"
EndProject
Project("{FAE04EC0-301F-11D3-BF4B-00C04F79EFBC}") = "ValidationEngineTests", "ValidationEngineTests\ValidationEngineTests.csproj", "{B99F8634-700E-415D-B082-835B5BF22B46}"
EndProject
Project("{2150E333-8FDC-42A3-9474-1A3956D46DE8}") = "Exercises02", "Exercises02", "{8BA1DB1D-6219-47EC-856E-4C777E1A78B6}"
EndProject
Project("{FAE04EC0-301F-11D3-BF4B-00C04F79EFBC}") = "TravelAgency", "TravelAgency\TravelAgency.csproj", "{9A9538DC-997D-421C-83AC-7404F9B26396}"
EndProject
Project("{FAE04EC0-301F-11D3-BF4B-00C04F79EFBC}") = "TravelAgencyTests", "TravelAgencyTests\TravelAgencyTests.csproj", "{EE0472DE-0335-4987-AF50-CAD7E67993EB}"
EndProject
Project("{2150E333-8FDC-42A3-9474-1A3956D46DE8}") = "Exercises03", "Exercises03", "{E175E245-99E0-4DC2-BE8B-EF1A344F3B8B}"
EndProject
Project("{FAE04EC0-301F-11D3-BF4B-00C04F79EFBC}") = "Calculator", "Calculator\Calculator.csproj", "{06AC8C97-C190-40D2-A6E6-8CCA8744CC29}"
EndProject
Project("{FAE04EC0-301F-11D3-BF4B-00C04F79EFBC}") = "CalculatorTest", "CalculatorTest\CalculatorTest.csproj", "{F35E6840-B024-4A00-BBD7-919964A89D5D}"
EndProject
Global
	GlobalSection(SolutionConfigurationPlatforms) = preSolution
		Debug|Any CPU = Debug|Any CPU
		Release|Any CPU = Release|Any CPU
	EndGlobalSection
	GlobalSection(ProjectConfigurationPlatforms) = postSolution
		{4A6A4CD0-2A52-4D93-ADA6-1AB13C7F3147}.Debug|Any CPU.ActiveCfg = Debug|Any CPU
		{4A6A4CD0-2A52-4D93-ADA6-1AB13C7F3147}.Debug|Any CPU.Build.0 = Debug|Any CPU
		{4A6A4CD0-2A52-4D93-ADA6-1AB13C7F3147}.Release|Any CPU.ActiveCfg = Release|Any CPU
		{4A6A4CD0-2A52-4D93-ADA6-1AB13C7F3147}.Release|Any CPU.Build.0 = Release|Any CPU
		{B99F8634-700E-415D-B082-835B5BF22B46}.Debug|Any CPU.ActiveCfg = Debug|Any CPU
		{B99F8634-700E-415D-B082-835B5BF22B46}.Debug|Any CPU.Build.0 = Debug|Any CPU
		{B99F8634-700E-415D-B082-835B5BF22B46}.Release|Any CPU.ActiveCfg = Release|Any CPU
		{B99F8634-700E-415D-B082-835B5BF22B46}.Release|Any CPU.Build.0 = Release|Any CPU
		{9A9538DC-997D-421C-83AC-7404F9B26396}.Debug|Any CPU.ActiveCfg = Debug|Any CPU
		{9A9538DC-997D-421C-83AC-7404F9B26396}.Debug|Any CPU.Build.0 = Debug|Any CPU
		{9A9538DC-997D-421C-83AC-7404F9B26396}.Release|Any CPU.ActiveCfg = Release|Any CPU
		{9A9538DC-997D-421C-83AC-7404F9B26396}.Release|Any CPU.Build.0 = Release|Any CPU
		{EE0472DE-0335-4987-AF50-CAD7E67993EB}.Debug|Any CPU.ActiveCfg = Debug|Any CPU
		{EE0472DE-0335-4987-AF50-CAD7E67993EB}.Debug|Any CPU.Build.0 = Debug|Any CPU
		{EE0472DE-0335-4987-AF50-CAD7E67993EB}.Release|Any CPU.ActiveCfg = Release|Any CPU
		{EE0472DE-0335-4987-AF50-CAD7E67993EB}.Release|Any CPU.Build.0 = Release|Any CPU
		{06AC8C97-C190-40D2-A6E6-8CCA8744CC29}.Debug|Any CPU.ActiveCfg = Debug|Any CPU
		{06AC8C97-C190-40D2-A6E6-8CCA8744CC29}.Debug|Any CPU.Build.0 = Debug|Any CPU
		{06AC8C97-C190-40D2-A6E6-8CCA8744CC29}.Release|Any CPU.ActiveCfg = Release|Any CPU
		{06AC8C97-C190-40D2-A6E6-8CCA8744CC29}.Release|Any CPU.Build.0 = Release|Any CPU
		{F35E6840-B024-4A00-BBD7-919964A89D5D}.Debug|Any CPU.ActiveCfg = Debug|Any CPU
		{F35E6840-B024-4A00-BBD7-919964A89D5D}.Debug|Any CPU.Build.0 = Debug|Any CPU
		{F35E6840-B024-4A00-BBD7-919964A89D5D}.Release|Any CPU.ActiveCfg = Release|Any CPU
		{F35E6840-B024-4A00-BBD7-919964A89D5D}.Release|Any CPU.Build.0 = Release|Any CPU
	EndGlobalSection
	GlobalSection(SolutionProperties) = preSolution
		HideSolutionNode = FALSE
	EndGlobalSection
	GlobalSection(NestedProjects) = preSolution
		{4A6A4CD0-2A52-4D93-ADA6-1AB13C7F3147} = {892B04C5-6258-44F1-8A00-03CD2E21DC83}
		{B99F8634-700E-415D-B082-835B5BF22B46} = {892B04C5-6258-44F1-8A00-03CD2E21DC83}
		{9A9538DC-997D-421C-83AC-7404F9B26396} = {8BA1DB1D-6219-47EC-856E-4C777E1A78B6}
		{EE0472DE-0335-4987-AF50-CAD7E67993EB} = {8BA1DB1D-6219-47EC-856E-4C777E1A78B6}
		{06AC8C97-C190-40D2-A6E6-8CCA8744CC29} = {E175E245-99E0-4DC2-BE8B-EF1A344F3B8B}
		{F35E6840-B024-4A00-BBD7-919964A89D5D} = {E175E245-99E0-4DC2-BE8B-EF1A344F3B8B}
	EndGlobalSection
EndGlobal
